{
  "name": "js-zzrk2j",
  "version": "0.0.0",
  "lockfileVersion": 1,
  "requires": true,
  "dependencies": {
    "@bundled-es-modules/axios": {
      "version": "0.18.1",
      "resolved": "https://registry.npmjs.org/@bundled-es-modules/axios/-/axios-0.18.1.tgz",
      "integrity": "sha512-7c389uGe0dmfdedi9PQ3Om4vKg1HFzm/IntaqZ4FbXOo+gNiiPIM4He8MIkuRpgqUitbm1km0jOQ8p+tSpUp4Q=="
    },
    "@bundled-es-modules/message-format": {
      "version": "6.0.4",
      "resolved": "https://registry.npmjs.org/@bundled-es-modules/message-format/-/message-format-6.0.4.tgz",
      "integrity": "sha512-NGUoPxqsBzDwvRhY3A3L/AhS1hzS9OWappfyDOyCwE7G3W4ua28gau7QwvJz7QzA6ArbAdeb8c1mLjvd1WUFAA=="
    },
    "@lion/ajax": {
      "version": "0.2.8",
      "resolved": "https://registry.npmjs.org/@lion/ajax/-/ajax-0.2.8.tgz",
      "integrity": "sha512-LPVGxJSguVXKMsTsVNJbKjfR9v54fre+O9XN44ei8XxrJJWm9b6A/K9GphtzT4GO53yQDE+Ly7EPo3+pik6igg==",
      "requires": {
        "@bundled-es-modules/axios": "0.18.1",
        "@lion/core": "0.5.0"
      }
    },
    "@lion/button": {
      "version": "0.5.10",
      "resolved": "https://registry.npmjs.org/@lion/button/-/button-0.5.10.tgz",
      "integrity": "sha512-7b9Oje3iLiWUDhIvOeNCRHMKo5UZjispuUmQo2ofC+bkPmRl3Lg3EmGIcXj2gAq9MtIJThZwC2IHa2+XPeA0ew==",
      "requires": {
        "@lion/core": "0.5.0"
      }
    },
    "@lion/checkbox-group": {
      "version": "0.8.6",
      "resolved": "https://registry.npmjs.org/@lion/checkbox-group/-/checkbox-group-0.8.6.tgz",
      "integrity": "sha512-T3hm7H5V8uBn1aV4PkBa0sauAEbsn/tumcnNDtTwYM5PA93cKOc8gMXTD4IMMrTj9tv+Mr4YvZI3VF2UxA/QoQ==",
      "requires": {
        "@lion/choice-input": "0.8.0",
        "@lion/core": "0.5.0",
        "@lion/fieldset": "0.10.0",
        "@lion/input": "0.5.20"
      }
    },
    "@lion/choice-input": {
      "version": "0.8.0",
      "resolved": "https://registry.npmjs.org/@lion/choice-input/-/choice-input-0.8.0.tgz",
      "integrity": "sha512-PnrhoiIr5PTNZ8K2Mp6LBqMtEEvCh8TYR4fY32ofscKl1yTgwEtMOXrZBC3JDhiHyWpOA19CFaAUaeTD74kp4w==",
      "requires": {
        "@lion/core": "0.5.0",
        "@lion/field": "0.12.0"
      }
    },
    "@lion/core": {
      "version": "0.5.0",
      "resolved": "https://registry.npmjs.org/@lion/core/-/core-0.5.0.tgz",
      "integrity": "sha512-YYA/tkSL/M5IcCcuqZS1m2jWBNz8FMjKuvUFFSm1p/CxtvmbOZhYdztz0jyqT7IEV1blTODk/QsdDfdq8zCRDQ==",
      "requires": {
        "@open-wc/dedupe-mixin": "^1.2.1",
        "@open-wc/scoped-elements": "^1.0.3",
        "lit-element": "^2.2.1",
        "lit-html": "^1.0.0"
      }
    },
    "@lion/field": {
      "version": "0.12.0",
      "resolved": "https://registry.npmjs.org/@lion/field/-/field-0.12.0.tgz",
      "integrity": "sha512-HD89i0pQQ3+RG8fBB9wNh0n8CPO2FIYCtulH7pG8UdGyytScugGj/yW+K6964ddsRtItKniNTY10Lpn4Z6QIlg==",
      "requires": {
        "@lion/core": "0.5.0",
        "@lion/validate": "0.9.0"
      }
    },
    "@lion/fieldset": {
      "version": "0.10.0",
      "resolved": "https://registry.npmjs.org/@lion/fieldset/-/fieldset-0.10.0.tgz",
      "integrity": "sha512-nAiARHiaZpqfSqv8fZvUszmddgVbHPHf1mBJv++aBnJdpMU3nfMMiVBQRdOKBK0WGtOSYpjOls/IJdqwFFplPQ==",
      "requires": {
        "@lion/core": "0.5.0",
        "@lion/field": "0.12.0",
        "@lion/validate": "0.9.0"
      }
    },
    "@lion/input": {
      "version": "0.5.20",
      "resolved": "https://registry.npmjs.org/@lion/input/-/input-0.5.20.tgz",
      "integrity": "sha512-xudkYv6Iv1zZAQKgMS8xUy/Ln6bRRIkEilGe1RQRA43rCS/L8x0gynZ9Ge2PWMkAfGxdepS7WhR8A/2O/Pmtrw==",
      "requires": {
        "@lion/core": "0.5.0",
        "@lion/field": "0.12.0"
      }
    },
    "@lion/input-amount": {
      "version": "0.5.20",
      "resolved": "https://registry.npmjs.org/@lion/input-amount/-/input-amount-0.5.20.tgz",
      "integrity": "sha512-jiSLZH9njA8OxPh5F96kbehwYw0BgbJ9v4o1Q9EHOfXoX8i7yOcQ6MD6IOH7MhBoRczKISHXf95V8Dygr47MKQ==",
      "requires": {
        "@lion/core": "0.5.0",
        "@lion/field": "0.12.0",
        "@lion/input": "0.5.20",
        "@lion/localize": "0.9.0",
        "@lion/validate": "0.9.0"
      }
    },
    "@lion/input-date": {
      "version": "0.5.21",
      "resolved": "https://registry.npmjs.org/@lion/input-date/-/input-date-0.5.21.tgz",
      "integrity": "sha512-AxDH1Atg3QPTngHH4Rfccf6nPripJskipJNF8kAj4vxV8UoZ7yJxSWs0Kaqcbhd+rVhqmhl3g0g9Fo7liMHERA==",
      "requires": {
        "@lion/core": "0.5.0",
        "@lion/field": "0.12.0",
        "@lion/input": "0.5.20",
        "@lion/localize": "0.9.0",
        "@lion/validate": "0.9.0"
      }
    },
    "@lion/input-iban": {
      "version": "0.7.0",
      "resolved": "https://registry.npmjs.org/@lion/input-iban/-/input-iban-0.7.0.tgz",
      "integrity": "sha512-ekWOMrRIxaP7ZjPOzD7EVG8M7Swu7XHrDw+9SRnPVpBitQbMaDqH6yoQEjx3J2xR5NqRpNNk0vZ3XFI5oxda9g==",
      "requires": {
        "@lion/core": "0.5.0",
        "@lion/field": "0.12.0",
        "@lion/input": "0.5.20",
        "@lion/localize": "0.9.0",
        "@lion/validate": "0.9.0",
        "ibantools": "^2.2.0"
      }
    },
    "@lion/localize": {
      "version": "0.9.0",
      "resolved": "https://registry.npmjs.org/@lion/localize/-/localize-0.9.0.tgz",
      "integrity": "sha512-IxHMSpxjirpcCkTfFlXzyNt588/8oNLG6CAph6/1SmcmmsVGBQAaAljrWdWaTMWi55r38guWj1qmHNP9V4oDjg==",
      "requires": {
        "@bundled-es-modules/message-format": "6.0.4",
        "@lion/core": "0.5.0"
      }
    },
    "@lion/overlays": {
      "version": "0.12.8",
      "resolved": "https://registry.npmjs.org/@lion/overlays/-/overlays-0.12.8.tgz",
      "integrity": "sha512-4/IDpci8aSHZfCfrnqUtL9bX850OFyNDXiHOnqi7SyuST0gX6OfiTyw/alKwFWyJcaZc/si9W/7HAzCg9xZSeQ==",
      "requires": {
        "@lion/core": "0.5.0",
        "popper.js": "^1.15.0"
      }
    },
    "@lion/radio-group": {
      "version": "0.8.6",
      "resolved": "https://registry.npmjs.org/@lion/radio-group/-/radio-group-0.8.6.tgz",
      "integrity": "sha512-Ej3vq/Er2ajS5sN+Xodrnq8XAjh9b/eJ+BLGlfeU0X7H8Q/RnEe5ZA+4BV7KArc7lP8JfuARC0PVZt/6j49fQA==",
      "requires": {
        "@lion/choice-input": "0.8.0",
        "@lion/core": "0.5.0",
        "@lion/fieldset": "0.10.0",
        "@lion/input": "0.5.20"
      }
    },
    "@lion/select-rich": {
      "version": "0.14.0",
      "resolved": "https://registry.npmjs.org/@lion/select-rich/-/select-rich-0.14.0.tgz",
      "integrity": "sha512-dR1cHA6dErP1McMtb6GLq5MBIZgA2FaWqyGscuAiAXWwejzllBoj6mHDMSebGaDejH2jM06luVYfs0CjkEkcvg==",
      "requires": {
        "@lion/button": "0.5.10",
        "@lion/choice-input": "0.8.0",
        "@lion/core": "0.5.0",
        "@lion/field": "0.12.0",
        "@lion/overlays": "0.12.8",
        "@lion/validate": "0.9.0"
      }
    },
    "@lion/textarea": {
      "version": "0.5.21",
      "resolved": "https://registry.npmjs.org/@lion/textarea/-/textarea-0.5.21.tgz",
      "integrity": "sha512-/pFvhATNvW89lciQ/jpM8W7X91r1jNyYQuA9EZOQBWqTu8L5qccykIptDiYkWsvWKJW+UVUzHIDXcoI1pGUcaw==",
      "requires": {
        "@lion/core": "0.5.0",
        "@lion/field": "0.12.0",
        "autosize": "4.0.2"
      }
    },
    "@lion/validate": {
      "version": "0.9.0",
      "resolved": "https://registry.npmjs.org/@lion/validate/-/validate-0.9.0.tgz",
      "integrity": "sha512-t5ZW9dqJxpOmK1S722M8aKRuqu5jCyFzcdp5B47i1PVlFXQsr0hX/dxcLS1Y1slkWZLa8Jt2dYDt1ntQ7GGTFA==",
      "requires": {
        "@lion/core": "0.5.0",
        "@lion/localize": "0.9.0"
      }
    },
    "@open-wc/dedupe-mixin": {
      "version": "1.2.13",
      "resolved": "https://registry.npmjs.org/@open-wc/dedupe-mixin/-/dedupe-mixin-1.2.13.tgz",
      "integrity": "sha512-t7rTjGegYmZ/Z6xAu7Y+CM3Hgp8tLMgu6PYmFi/50EbQNNLyfXkcd97NABi0tWit+/SQUPc0Z5gLs9ltr7HQXA=="
    },
    "@open-wc/scoped-elements": {
      "version": "1.0.5",
      "resolved": "https://registry.npmjs.org/@open-wc/scoped-elements/-/scoped-elements-1.0.5.tgz",
      "integrity": "sha512-o0o7kQM8bhq+O3qrxn9RzeJBTUJQmhP/zfi8jgVb8+iTEIklDsSLnakuNGffe3Pt0hYcClmRoSCwXiqZGjX/KA==",
      "requires": {
        "@open-wc/dedupe-mixin": "^1.2.13",
        "lit-html": "^1.0.0"
      }
    },
    "@polymer/font-roboto": {
      "version": "3.0.2",
      "resolved": "https://registry.npmjs.org/@polymer/font-roboto/-/font-roboto-3.0.2.tgz",
      "integrity": "sha512-tx5TauYSmzsIvmSqepUPDYbs4/Ejz2XbZ1IkD7JEGqkdNUJlh+9KU85G56Tfdk/xjEZ8zorFfN09OSwiMrIQWA=="
    },
    "@polymer/iron-a11y-announcer": {
      "version": "3.0.2",
      "resolved": "https://registry.npmjs.org/@polymer/iron-a11y-announcer/-/iron-a11y-announcer-3.0.2.tgz",
      "integrity": "sha512-LqnMF39mXyxSSRbTHRzGbcJS8nU0NVTo2raBOgOlpxw5yfGJUVcwaTJ/qy5NtWCZLRfa4suycf0oAkuUjHTXHQ==",
      "requires": {
        "@polymer/polymer": "^3.0.0"
      }
    },
    "@polymer/iron-a11y-keys-behavior": {
      "version": "3.0.1",
      "resolved": "https://registry.npmjs.org/@polymer/iron-a11y-keys-behavior/-/iron-a11y-keys-behavior-3.0.1.tgz",
      "integrity": "sha512-lnrjKq3ysbBPT/74l0Fj0U9H9C35Tpw2C/tpJ8a+5g8Y3YJs1WSZYnEl1yOkw6sEyaxOq/1DkzH0+60gGu5/PQ==",
      "requires": {
        "@polymer/polymer": "^3.0.0"
      }
    },
    "@polymer/iron-autogrow-textarea": {
      "version": "3.0.3",
      "resolved": "https://registry.npmjs.org/@polymer/iron-autogrow-textarea/-/iron-autogrow-textarea-3.0.3.tgz",
      "integrity": "sha512-5r0VkWrIlm0JIp5E5wlnvkw7slK72lFRZXncmrsLZF+6n1dg2rI8jt7xpFzSmUWrqpcyXwyKaGaDvUjl3j4JLA==",
      "requires": {
        "@polymer/iron-behaviors": "^3.0.0-pre.26",
        "@polymer/iron-flex-layout": "^3.0.0-pre.26",
        "@polymer/iron-validatable-behavior": "^3.0.0-pre.26",
        "@polymer/polymer": "^3.0.0"
      }
    },
    "@polymer/iron-behaviors": {
      "version": "3.0.1",
      "resolved": "https://registry.npmjs.org/@polymer/iron-behaviors/-/iron-behaviors-3.0.1.tgz",
      "integrity": "sha512-IMEwcv1lhf1HSQxuyWOUIL0lOBwmeaoSTpgCJeP9IBYnuB1SPQngmfRuHKgK6/m9LQ9F9miC7p3HeQQUdKAE0w==",
      "requires": {
        "@polymer/iron-a11y-keys-behavior": "^3.0.0-pre.26",
        "@polymer/polymer": "^3.0.0"
      }
    },
    "@polymer/iron-flex-layout": {
      "version": "3.0.1",
      "resolved": "https://registry.npmjs.org/@polymer/iron-flex-layout/-/iron-flex-layout-3.0.1.tgz",
      "integrity": "sha512-7gB869czArF+HZcPTVSgvA7tXYFze9EKckvM95NB7SqYF+NnsQyhoXgKnpFwGyo95lUjUW9TFDLUwDXnCYFtkw==",
      "requires": {
        "@polymer/polymer": "^3.0.0"
      }
    },
    "@polymer/iron-form-element-behavior": {
      "version": "3.0.1",
      "resolved": "https://registry.npmjs.org/@polymer/iron-form-element-behavior/-/iron-form-element-behavior-3.0.1.tgz",
      "integrity": "sha512-G/e2KXyL5AY7mMjmomHkGpgS0uAf4ovNpKhkuUTRnMuMJuf589bKqE85KN4ovE1Tzhv2hJoh/igyD6ekHiYU1A==",
      "requires": {
        "@polymer/polymer": "^3.0.0"
      }
    },
    "@polymer/iron-input": {
      "version": "3.0.1",
      "resolved": "https://registry.npmjs.org/@polymer/iron-input/-/iron-input-3.0.1.tgz",
      "integrity": "sha512-WLx13kEcbH9GKbj9+pWR6pbJkA5kxn3796ynx6eQd2rueMyUfVTR3GzOvadBKsciUuIuzrxpBWZ2+3UcueVUQQ==",
      "requires": {
        "@polymer/iron-a11y-announcer": "^3.0.0-pre.26",
        "@polymer/iron-validatable-behavior": "^3.0.0-pre.26",
        "@polymer/polymer": "^3.0.0"
      }
    },
    "@polymer/iron-meta": {
      "version": "3.0.1",
      "resolved": "https://registry.npmjs.org/@polymer/iron-meta/-/iron-meta-3.0.1.tgz",
      "integrity": "sha512-pWguPugiLYmWFV9UWxLWzZ6gm4wBwQdDy4VULKwdHCqR7OP7u98h+XDdGZsSlDPv6qoryV/e3tGHlTIT0mbzJA==",
      "requires": {
        "@polymer/polymer": "^3.0.0"
      }
    },
    "@polymer/iron-validatable-behavior": {
      "version": "3.0.1",
      "resolved": "https://registry.npmjs.org/@polymer/iron-validatable-behavior/-/iron-validatable-behavior-3.0.1.tgz",
      "integrity": "sha512-wwpYh6wOa4fNI+jH5EYKC7TVPYQ2OfgQqocWat7GsNWcsblKYhLYbwsvEY5nO0n2xKqNfZzDLrUom5INJN7msQ==",
      "requires": {
        "@polymer/iron-meta": "^3.0.0-pre.26",
        "@polymer/polymer": "^3.0.0"
      }
    },
    "@polymer/paper-input": {
      "version": "3.2.1",
      "resolved": "https://registry.npmjs.org/@polymer/paper-input/-/paper-input-3.2.1.tgz",
      "integrity": "sha512-6ghgwQKM6mS0hAQxQqj+tkeEY1VUBqAsrasAm8V5RpNcfSWQC/hhRFxU0beGuKTAhndzezDzWYP6Zz4b8fExGg==",
      "requires": {
        "@polymer/iron-a11y-keys-behavior": "^3.0.0-pre.26",
        "@polymer/iron-autogrow-textarea": "^3.0.0-pre.26",
        "@polymer/iron-behaviors": "^3.0.0-pre.26",
        "@polymer/iron-form-element-behavior": "^3.0.0-pre.26",
        "@polymer/iron-input": "^3.0.0-pre.26",
        "@polymer/paper-styles": "^3.0.0-pre.26",
        "@polymer/polymer": "^3.0.0"
      }
    },
    "@polymer/paper-styles": {
      "version": "3.0.1",
      "resolved": "https://registry.npmjs.org/@polymer/paper-styles/-/paper-styles-3.0.1.tgz",
      "integrity": "sha512-y6hmObLqlCx602TQiSBKHqjwkE7xmDiFkoxdYGaNjtv4xcysOTdVJsDR/R9UHwIaxJ7gHlthMSykir1nv78++g==",
      "requires": {
        "@polymer/font-roboto": "^3.0.1",
        "@polymer/iron-flex-layout": "^3.0.0-pre.26",
        "@polymer/polymer": "^3.0.0"
      }
    },
    "@polymer/polymer": {
      "version": "3.3.1",
      "resolved": "https://registry.npmjs.org/@polymer/polymer/-/polymer-3.3.1.tgz",
      "integrity": "sha512-8KaB48tzyMjdsHdxo5KvCAaqmTe7rYDzQAoj/pyEfq9Fp4YfUaS+/xqwYj0GbiDAUNzwkmEQ7dw9cgnRNdKO8A==",
      "requires": {
        "@webcomponents/shadycss": "^1.9.1"
      }
    },
    "@webcomponents/shadycss": {
      "version": "1.9.6",
      "resolved": "https://registry.npmjs.org/@webcomponents/shadycss/-/shadycss-1.9.6.tgz",
      "integrity": "sha512-5fFjvP0jQJZoXK6YzYeYcIDGJ5oEsdjr1L9VaYLw5yxNd4aRz4srMpwCwldeNG0A6Hvr9igbG7fCsBeiiCXd7A=="
    },
    "autosize": {
      "version": "4.0.2",
      "resolved": "https://registry.npmjs.org/autosize/-/autosize-4.0.2.tgz",
      "integrity": "sha512-jnSyH2d+qdfPGpWlcuhGiHmqBJ6g3X+8T+iRwFrHPLVcdoGJE/x6Qicm6aDHfTsbgZKxyV8UU/YB2p4cjKDRRA=="
    },
    "ibantools": {
      "version": "2.2.0",
      "resolved": "https://registry.npmjs.org/ibantools/-/ibantools-2.2.0.tgz",
      "integrity": "sha512-avdGWvx7KCeb6HROtSdl2hvcvU5MJVU837dshNZjq2j6lVsgVmQGA9N7IAbI7bfXMTRvRXzTRaNNck9khL1CjA=="
    },
    "lit-element": {
      "version": "2.3.1",
      "resolved": "https://registry.npmjs.org/lit-element/-/lit-element-2.3.1.tgz",
      "integrity": "sha512-tOcUAmeO3BzwiQ7FGWdsshNvC0HVHcTFYw/TLIImmKwXYoV0E7zCBASa8IJ7DiP4cen/Yoj454gS0qqTnIGsFA==",
      "requires": {
        "lit-html": "^1.1.1"
      }
    },
    "lit-html": {
      "version": "1.2.1",
      "resolved": "https://registry.npmjs.org/lit-html/-/lit-html-1.2.1.tgz",
      "integrity": "sha512-GSJHHXMGLZDzTRq59IUfL9FCdAlGfqNp/dEa7k7aBaaWD+JKaCjsAk9KYm2V12ItonVaYx2dprN66Zdm1AuBTQ=="
    },
    "popper.js": {
      "version": "1.16.1",
      "resolved": "https://registry.npmjs.org/popper.js/-/popper.js-1.16.1.tgz",
      "integrity": "sha512-Wb4p1J4zyFTbM+u6WuO4XstYx4Ky9Cewe4DWrel7B0w6VVICvPwdOpotjzcf6eD8TsckVnIMNONQyPIUFOUbCQ=="
    }
  }
}
